
Microsoft Visual Studio Solution File, Format Version 12.00
# Visual Studio Version 17
VisualStudioVersion = 17.2.32602.215
MinimumVisualStudioVersion = 10.0.40219.1
Project("{FAE04EC0-301F-11D3-BF4B-00C04F79EFBC}") = "CRM_Task_API", "CRM_Task_API\CRM_Task_API.csproj", "{C0CC6BE0-8EB2-4062-A5AD-625B3DD89D9A}"
EndProject
Global
	GlobalSection(SolutionConfigurationPlatforms) = preSolution
		Debug|Any CPU = Debug|Any CPU
		Release|Any CPU = Release|Any CPU
	EndGlobalSection
	GlobalSection(ProjectConfigurationPlatforms) = postSolution
		{C0CC6BE0-8EB2-4062-A5AD-625B3DD89D9A}.Debug|Any CPU.ActiveCfg = Debug|Any CPU
		{C0CC6BE0-8EB2-4062-A5AD-625B3DD89D9A}.Debug|Any CPU.Build.0 = Debug|Any CPU
		{C0CC6BE0-8EB2-4062-A5AD-625B3DD89D9A}.Release|Any CPU.ActiveCfg = Release|Any CPU
		{C0CC6BE0-8EB2-4062-A5AD-625B3DD89D9A}.Release|Any CPU.Build.0 = Release|Any CPU
	EndGlobalSection
	GlobalSection(SolutionProperties) = preSolution
		HideSolutionNode = FALSE
	EndGlobalSection
	GlobalSection(ExtensibilityGlobals) = postSolution
		SolutionGuid = {C524938D-5C0C-46B8-BA97-D2BCCEE81B63}
	EndGlobalSection
EndGlobal
